
Microsoft Visual Studio Solution File, Format Version 12.00
# Visual Studio Version 16
VisualStudioVersion = 16.0.33801.447
MinimumVisualStudioVersion = 10.0.40219.1
Project("{FAE04EC0-301F-11D3-BF4B-00C04F79EFBC}") = "CS 2019 Nationals", "CS 2019 Nationals.csproj", "{F7D178DA-553F-44C4-AA7D-9C5A9BA76439}"
EndProject
Global
	GlobalSection(SolutionConfigurationPlatforms) = preSolution
		Debug|Any CPU = Debug|Any CPU
		Release|Any CPU = Release|Any CPU
	EndGlobalSection
	GlobalSection(ProjectConfigurationPlatforms) = postSolution
		{F7D178DA-553F-44C4-AA7D-9C5A9BA76439}.Debug|Any CPU.ActiveCfg = Debug|Any CPU
		{F7D178DA-553F-44C4-AA7D-9C5A9BA76439}.Debug|Any CPU.Build.0 = Debug|Any CPU
		{F7D178DA-553F-44C4-AA7D-9C5A9BA76439}.Release|Any CPU.ActiveCfg = Release|Any CPU
		{F7D178DA-553F-44C4-AA7D-9C5A9BA76439}.Release|Any CPU.Build.0 = Release|Any CPU
	EndGlobalSection
	GlobalSection(SolutionProperties) = preSolution
		HideSolutionNode = FALSE
	EndGlobalSection
	GlobalSection(ExtensibilityGlobals) = postSolution
		SolutionGuid = {01532477-A49C-4C86-BD8E-862F9CA8BDAB}
	EndGlobalSection
EndGlobal
